
Microsoft Visual Studio Solution File, Format Version 11.00
# Visual Studio 2010
Project("{FAE04EC0-301F-11D3-BF4B-00C04F79EFBC}") = "GoCoinAPI", "GoCoinAPI\GoCoinAPI.csproj", "{7BE9ABF7-30D6-4C46-9ECD-E62380FF3268}"
EndProject
Project("{FAE04EC0-301F-11D3-BF4B-00C04F79EFBC}") = "DemoWebGoCoin", "DemoWebGoCoin\DemoWebGoCoin.csproj", "{2DFC9EF9-EF68-469A-B1A9-A3920460864E}"
EndProject
Global
	GlobalSection(SolutionConfigurationPlatforms) = preSolution
		Debug|Any CPU = Debug|Any CPU
		Debug|Mixed Platforms = Debug|Mixed Platforms
		Debug|x86 = Debug|x86
		Release|Any CPU = Release|Any CPU
		Release|Mixed Platforms = Release|Mixed Platforms
		Release|x86 = Release|x86
	EndGlobalSection
	GlobalSection(ProjectConfigurationPlatforms) = postSolution
		{7BE9ABF7-30D6-4C46-9ECD-E62380FF3268}.Debug|Any CPU.ActiveCfg = Debug|Any CPU
		{7BE9ABF7-30D6-4C46-9ECD-E62380FF3268}.Debug|Any CPU.Build.0 = Debug|Any CPU
		{7BE9ABF7-30D6-4C46-9ECD-E62380FF3268}.Debug|Mixed Platforms.ActiveCfg = Debug|Any CPU
		{7BE9ABF7-30D6-4C46-9ECD-E62380FF3268}.Debug|Mixed Platforms.Build.0 = Debug|Any CPU
		{7BE9ABF7-30D6-4C46-9ECD-E62380FF3268}.Debug|x86.ActiveCfg = Debug|Any CPU
		{7BE9ABF7-30D6-4C46-9ECD-E62380FF3268}.Release|Any CPU.ActiveCfg = Release|Any CPU
		{7BE9ABF7-30D6-4C46-9ECD-E62380FF3268}.Release|Any CPU.Build.0 = Release|Any CPU
		{7BE9ABF7-30D6-4C46-9ECD-E62380FF3268}.Release|Mixed Platforms.ActiveCfg = Release|Any CPU
		{7BE9ABF7-30D6-4C46-9ECD-E62380FF3268}.Release|Mixed Platforms.Build.0 = Release|Any CPU
		{7BE9ABF7-30D6-4C46-9ECD-E62380FF3268}.Release|x86.ActiveCfg = Release|Any CPU
		{2DFC9EF9-EF68-469A-B1A9-A3920460864E}.Debug|Any CPU.ActiveCfg = Debug|Any CPU
		{2DFC9EF9-EF68-469A-B1A9-A3920460864E}.Debug|Any CPU.Build.0 = Debug|Any CPU
		{2DFC9EF9-EF68-469A-B1A9-A3920460864E}.Debug|Mixed Platforms.ActiveCfg = Debug|Any CPU
		{2DFC9EF9-EF68-469A-B1A9-A3920460864E}.Debug|Mixed Platforms.Build.0 = Debug|Any CPU
		{2DFC9EF9-EF68-469A-B1A9-A3920460864E}.Debug|x86.ActiveCfg = Debug|Any CPU
		{2DFC9EF9-EF68-469A-B1A9-A3920460864E}.Release|Any CPU.ActiveCfg = Release|Any CPU
		{2DFC9EF9-EF68-469A-B1A9-A3920460864E}.Release|Any CPU.Build.0 = Release|Any CPU
		{2DFC9EF9-EF68-469A-B1A9-A3920460864E}.Release|Mixed Platforms.ActiveCfg = Release|Any CPU
		{2DFC9EF9-EF68-469A-B1A9-A3920460864E}.Release|Mixed Platforms.Build.0 = Release|Any CPU
		{2DFC9EF9-EF68-469A-B1A9-A3920460864E}.Release|x86.ActiveCfg = Release|Any CPU
	EndGlobalSection
	GlobalSection(SolutionProperties) = preSolution
		HideSolutionNode = FALSE
	EndGlobalSection
EndGlobal
